// !$*UTF8*$!
{
	archiveVersion = 1;
	classes = {
	};
	objectVersion = 48;
	objects = {

/* Begin PBXBuildFile section */
		A2253D34205B4D4D00612600 /* HomeViewController.swift in Sources */ = {isa = PBXBuildFile; fileRef = A2253D33205B4D4D00612600 /* HomeViewController.swift */; };
		A2744472205B561100D6CBB2 /* ResultsViewController.swift in Sources */ = {isa = PBXBuildFile; fileRef = A2744471205B561100D6CBB2 /* ResultsViewController.swift */; };
		C4955F172051FDD7006AE1E3 /* AppDelegate.swift in Sources */ = {isa = PBXBuildFile; fileRef = C4955F162051FDD7006AE1E3 /* AppDelegate.swift */; };
		C4955F192051FDD7006AE1E3 /* MapViewController.swift in Sources */ = {isa = PBXBuildFile; fileRef = C4955F182051FDD7006AE1E3 /* MapViewController.swift */; };
		C4955F1C2051FDD7006AE1E3 /* Main.storyboard in Resources */ = {isa = PBXBuildFile; fileRef = C4955F1A2051FDD7006AE1E3 /* Main.storyboard */; };
		C4955F1E2051FDD7006AE1E3 /* Assets.xcassets in Resources */ = {isa = PBXBuildFile; fileRef = C4955F1D2051FDD7006AE1E3 /* Assets.xcassets */; };
		C4955F212051FDD7006AE1E3 /* LaunchScreen.storyboard in Resources */ = {isa = PBXBuildFile; fileRef = C4955F1F2051FDD7006AE1E3 /* LaunchScreen.storyboard */; };
		C4955F2A2052001C006AE1E3 /* CoreLocation.framework in Frameworks */ = {isa = PBXBuildFile; fileRef = C4955F292052001C006AE1E3 /* CoreLocation.framework */; };
		C4955F2C20520026006AE1E3 /* CoreMotion.framework in Frameworks */ = {isa = PBXBuildFile; fileRef = C4955F2B20520026006AE1E3 /* CoreMotion.framework */; };
/* End PBXBuildFile section */

/* Begin PBXFileReference section */
		A2253D33205B4D4D00612600 /* HomeViewController.swift */ = {isa = PBXFileReference; lastKnownFileType = sourcecode.swift; path = HomeViewController.swift; sourceTree = "<group>"; };
		A2744471205B561100D6CBB2 /* ResultsViewController.swift */ = {isa = PBXFileReference; lastKnownFileType = sourcecode.swift; path = ResultsViewController.swift; sourceTree = "<group>"; };
		C4955F132051FDD7006AE1E3 /* TrailTracker.app */ = {isa = PBXFileReference; explicitFileType = wrapper.application; includeInIndex = 0; path = TrailTracker.app; sourceTree = BUILT_PRODUCTS_DIR; };
		C4955F162051FDD7006AE1E3 /* AppDelegate.swift */ = {isa = PBXFileReference; lastKnownFileType = sourcecode.swift; path = AppDelegate.swift; sourceTree = "<group>"; };
		C4955F182051FDD7006AE1E3 /* MapViewController.swift */ = {isa = PBXFileReference; lastKnownFileType = sourcecode.swift; path = MapViewController.swift; sourceTree = "<group>"; };
		C4955F1B2051FDD7006AE1E3 /* Base */ = {isa = PBXFileReference; lastKnownFileType = file.storyboard; name = Base; path = Base.lproj/Main.storyboard; sourceTree = "<group>"; };
		C4955F1D2051FDD7006AE1E3 /* Assets.xcassets */ = {isa = PBXFileReference; lastKnownFileType = folder.assetcatalog; path = Assets.xcassets; sourceTree = "<group>"; };
		C4955F202051FDD7006AE1E3 /* Base */ = {isa = PBXFileReference; lastKnownFileType = file.storyboard; name = Base; path = Base.lproj/LaunchScreen.storyboard; sourceTree = "<group>"; };
		C4955F222051FDD7006AE1E3 /* Info.plist */ = {isa = PBXFileReference; lastKnownFileType = text.plist.xml; path = Info.plist; sourceTree = "<group>"; };
		C4955F292052001C006AE1E3 /* CoreLocation.framework */ = {isa = PBXFileReference; lastKnownFileType = wrapper.framework; name = CoreLocation.framework; path = System/Library/Frameworks/CoreLocation.framework; sourceTree = SDKROOT; };
		C4955F2B20520026006AE1E3 /* CoreMotion.framework */ = {isa = PBXFileReference; lastKnownFileType = wrapper.framework; name = CoreMotion.framework; path = System/Library/Frameworks/CoreMotion.framework; sourceTree = SDKROOT; };
/* End PBXFileReference section */

/* Begin PBXFrameworksBuildPhase section */
		C4955F102051FDD7006AE1E3 /* Frameworks */ = {
			isa = PBXFrameworksBuildPhase;
			buildActionMask = 2147483647;
			files = (
				C4955F2C20520026006AE1E3 /* CoreMotion.framework in Frameworks */,
				C4955F2A2052001C006AE1E3 /* CoreLocation.framework in Frameworks */,
			);
			runOnlyForDeploymentPostprocessing = 0;
		};
/* End PBXFrameworksBuildPhase section */

/* Begin PBXGroup section */
		C4955F0A2051FDD7006AE1E3 = {
			isa = PBXGroup;
			children = (
				C4955F152051FDD7006AE1E3 /* TrailTracker */,
				C4955F142051FDD7006AE1E3 /* Products */,
				C4955F282052001C006AE1E3 /* Frameworks */,
			);
			sourceTree = "<group>";
		};
		C4955F142051FDD7006AE1E3 /* Products */ = {
			isa = PBXGroup;
			children = (
				C4955F132051FDD7006AE1E3 /* TrailTracker.app */,
			);
			name = Products;
			sourceTree = "<group>";
		};
		C4955F152051FDD7006AE1E3 /* TrailTracker */ = {
			isa = PBXGroup;
			children = (
				C4955F1A2051FDD7006AE1E3 /* Main.storyboard */,
				C4955F162051FDD7006AE1E3 /* AppDelegate.swift */,
				C4955F182051FDD7006AE1E3 /* MapViewController.swift */,
				A2253D33205B4D4D00612600 /* HomeViewController.swift */,
				A2744471205B561100D6CBB2 /* ResultsViewController.swift */,
				C4955F1D2051FDD7006AE1E3 /* Assets.xcassets */,
				C4955F1F2051FDD7006AE1E3 /* LaunchScreen.storyboard */,
				C4955F222051FDD7006AE1E3 /* Info.plist */,
			);
			path = TrailTracker;
			sourceTree = "<group>";
		};
		C4955F282052001C006AE1E3 /* Frameworks */ = {
			isa = PBXGroup;
			children = (
				C4955F2B20520026006AE1E3 /* CoreMotion.framework */,
				C4955F292052001C006AE1E3 /* CoreLocation.framework */,
			);
			name = Frameworks;
			sourceTree = "<group>";
		};
/* End PBXGroup section */

/* Begin PBXNativeTarget section */
		C4955F122051FDD7006AE1E3 /* TrailTracker */ = {
			isa = PBXNativeTarget;
			buildConfigurationList = C4955F252051FDD7006AE1E3 /* Build configuration list for PBXNativeTarget "TrailTracker" */;
			buildPhases = (
				C4955F0F2051FDD7006AE1E3 /* Sources */,
				C4955F102051FDD7006AE1E3 /* Frameworks */,
				C4955F112051FDD7006AE1E3 /* Resources */,
			);
			buildRules = (
			);
			dependencies = (
			);
			name = TrailTracker;
			productName = TrailTracker;
			productReference = C4955F132051FDD7006AE1E3 /* TrailTracker.app */;
			productType = "com.apple.product-type.application";
		};
/* End PBXNativeTarget section */

/* Begin PBXProject section */
		C4955F0B2051FDD7006AE1E3 /* Project object */ = {
			isa = PBXProject;
			attributes = {
				LastSwiftUpdateCheck = 0920;
				LastUpgradeCheck = 0920;
				ORGANIZATIONNAME = VinceReyes;
				TargetAttributes = {
					C4955F122051FDD7006AE1E3 = {
						CreatedOnToolsVersion = 9.2;
						ProvisioningStyle = Automatic;
					};
				};
			};
			buildConfigurationList = C4955F0E2051FDD7006AE1E3 /* Build configuration list for PBXProject "TrailTracker" */;
			compatibilityVersion = "Xcode 8.0";
			developmentRegion = en;
			hasScannedForEncodings = 0;
			knownRegions = (
				en,
				Base,
			);
			mainGroup = C4955F0A2051FDD7006AE1E3;
			productRefGroup = C4955F142051FDD7006AE1E3 /* Products */;
			projectDirPath = "";
			projectRoot = "";
			targets = (
				C4955F122051FDD7006AE1E3 /* TrailTracker */,
			);
		};
/* End PBXProject section */

/* Begin PBXResourcesBuildPhase section */
		C4955F112051FDD7006AE1E3 /* Resources */ = {
			isa = PBXResourcesBuildPhase;
			buildActionMask = 2147483647;
			files = (
				C4955F212051FDD7006AE1E3 /* LaunchScreen.storyboard in Resources */,
				C4955F1E2051FDD7006AE1E3 /* Assets.xcassets in Resources */,
				C4955F1C2051FDD7006AE1E3 /* Main.storyboard in Resources */,
			);
			runOnlyForDeploymentPostprocessing = 0;
		};
/* End PBXResourcesBuildPhase section */

/* Begin PBXSourcesBuildPhase section */
		C4955F0F2051FDD7006AE1E3 /* Sources */ = {
			isa = PBXSourcesBuildPhase;
			buildActionMask = 2147483647;
			files = (
				C4955F192051FDD7006AE1E3 /* MapViewController.swift in Sources */,
				C4955F172051FDD7006AE1E3 /* AppDelegate.swift in Sources */,
				A2253D34205B4D4D00612600 /* HomeViewController.swift in Sources */,
				A2744472205B561100D6CBB2 /* ResultsViewController.swift in Sources */,
			);
			runOnlyForDeploymentPostprocessing = 0;
		};
/* End PBXSourcesBuildPhase section */

/* Begin PBXVariantGroup section */
		C4955F1A2051FDD7006AE1E3 /* Main.storyboard */ = {
			isa = PBXVariantGroup;
			children = (
				C4955F1B2051FDD7006AE1E3 /* Base */,
			);
			name = Main.storyboard;
			sourceTree = "<group>";
		};
		C4955F1F2051FDD7006AE1E3 /* LaunchScreen.storyboard */ = {
			isa = PBXVariantGroup;
			children = (
				C4955F202051FDD7006AE1E3 /* Base */,
			);
			name = LaunchScreen.storyboard;
			sourceTree = "<group>";
		};
/* End PBXVariantGroup section */

/* Begin XCBuildConfiguration section */
		C4955F232051FDD7006AE1E3 /* Debug */ = {
			isa = XCBuildConfiguration;
			buildSettings = {
				ALWAYS_SEARCH_USER_PATHS = NO;
				CLANG_ANALYZER_NONNULL = YES;
				CLANG_ANALYZER_NUMBER_OBJECT_CONVERSION = YES_AGGRESSIVE;
				CLANG_CXX_LANGUAGE_STANDARD = "gnu++14";
				CLANG_CXX_LIBRARY = "libc++";
				CLANG_ENABLE_MODULES = YES;
				CLANG_ENABLE_OBJC_ARC = YES;
				CLANG_WARN_BLOCK_CAPTURE_AUTORELEASING = YES;
				CLANG_WARN_BOOL_CONVERSION = YES;
				CLANG_WARN_COMMA = YES;
				CLANG_WARN_CONSTANT_CONVERSION = YES;
				CLANG_WARN_DIRECT_OBJC_ISA_USAGE = YES_ERROR;
				CLANG_WARN_DOCUMENTATION_COMMENTS = YES;
				CLANG_WARN_EMPTY_BODY = YES;
				CLANG_WARN_ENUM_CONVERSION = YES;
				CLANG_WARN_INFINITE_RECURSION = YES;
				CLANG_WARN_INT_CONVERSION = YES;
				CLANG_WARN_NON_LITERAL_NULL_CONVERSION = YES;
				CLANG_WARN_OBJC_LITERAL_CONVERSION = YES;
				CLANG_WARN_OBJC_ROOT_CLASS = YES_ERROR;
				CLANG_WARN_RANGE_LOOP_ANALYSIS = YES;
				CLANG_WARN_STRICT_PROTOTYPES = YES;
				CLANG_WARN_SUSPICIOUS_MOVE = YES;
				CLANG_WARN_UNGUARDED_AVAILABILITY = YES_AGGRESSIVE;
				CLANG_WARN_UNREACHABLE_CODE = YES;
				CLANG_WARN__DUPLICATE_METHOD_MATCH = YES;
				CODE_SIGN_IDENTITY = "iPhone Developer";
				COPY_PHASE_STRIP = NO;
				DEBUG_INFORMATION_FORMAT = dwarf;
				ENABLE_STRICT_OBJC_MSGSEND = YES;
				ENABLE_TESTABILITY = YES;
				GCC_C_LANGUAGE_STANDARD = gnu11;
				GCC_DYNAMIC_NO_PIC = NO;
				GCC_NO_COMMON_BLOCKS = YES;
				GCC_OPTIMIZATION_LEVEL = 0;
				GCC_PREPROCESSOR_DEFINITIONS = (
					"DEBUG=1",
					"$(inherited)",
				);
				GCC_WARN_64_TO_32_BIT_CONVERSION = YES;
				GCC_WARN_ABOUT_RETURN_TYPE = YES_ERROR;
				GCC_WARN_UNDECLARED_SELECTOR = YES;
				GCC_WARN_UNINITIALIZED_AUTOS = YES_AGGRESSIVE;
				GCC_WARN_UNUSED_FUNCTION = YES;
				GCC_WARN_UNUSED_VARIABLE = YES;
				IPHONEOS_DEPLOYMENT_TARGET = 11.2;
				MTL_ENABLE_DEBUG_INFO = YES;
				ONLY_ACTIVE_ARCH = YES;
				SDKROOT = iphoneos;
				SWIFT_ACTIVE_COMPILATION_CONDITIONS = DEBUG;
				SWIFT_OPTIMIZATION_LEVEL = "-Onone";
			};
			name = Debug;
		};
		C4955F242051FDD7006AE1E3 /* Release */ = {
			isa = XCBuildConfiguration;
			buildSettings = {
				ALWAYS_SEARCH_USER_PATHS = NO;
				CLANG_ANALYZER_NONNULL = YES;
				CLANG_ANALYZER_NUMBER_OBJECT_CONVERSION = YES_AGGRESSIVE;
				CLANG_CXX_LANGUAGE_STANDARD = "gnu++14";
				CLANG_CXX_LIBRARY = "libc++";
				CLANG_ENABLE_MODULES = YES;
				CLANG_ENABLE_OBJC_ARC = YES;
				CLANG_WARN_BLOCK_CAPTURE_AUTORELEASING = YES;
				CLANG_WARN_BOOL_CONVERSION = YES;
				CLANG_WARN_COMMA = YES;
				CLANG_WARN_CONSTANT_CONVERSION = YES;
				CLANG_WARN_DIRECT_OBJC_ISA_USAGE = YES_ERROR;
				CLANG_WARN_DOCUMENTATION_COMMENTS = YES;
				CLANG_WARN_EMPTY_BODY = YES;
				CLANG_WARN_ENUM_CONVERSION = YES;
				CLANG_WARN_INFINITE_RECURSION = YES;
				CLANG_WARN_INT_CONVERSION = YES;
				CLANG_WARN_NON_LITERAL_NULL_CONVERSION = YES;
				CLANG_WARN_OBJC_LITERAL_CONVERSION = YES;
				CLANG_WARN_OBJC_ROOT_CLASS = YES_ERROR;
				CLANG_WARN_RANGE_LOOP_ANALYSIS = YES;
				CLANG_WARN_STRICT_PROTOTYPES = YES;
				CLANG_WARN_SUSPICIOUS_MOVE = YES;
				CLANG_WARN_UNGUARDED_AVAILABILITY = YES_AGGRESSIVE;
				CLANG_WARN_UNREACHABLE_CODE = YES;
				CLANG_WARN__DUPLICATE_METHOD_MATCH = YES;
				CODE_SIGN_IDENTITY = "iPhone Developer";
				COPY_PHASE_STRIP = NO;
				DEBUG_INFORMATION_FORMAT = "dwarf-with-dsym";
				ENABLE_NS_ASSERTIONS = NO;
				ENABLE_STRICT_OBJC_MSGSEND = YES;
				GCC_C_LANGUAGE_STANDARD = gnu11;
				GCC_NO_COMMON_BLOCKS = YES;
				GCC_WARN_64_TO_32_BIT_CONVERSION = YES;
				GCC_WARN_ABOUT_RETURN_TYPE = YES_ERROR;
				GCC_WARN_UNDECLARED_SELECTOR = YES;
				GCC_WARN_UNINITIALIZED_AUTOS = YES_AGGRESSIVE;
				GCC_WARN_UNUSED_FUNCTION = YES;
				GCC_WARN_UNUSED_VARIABLE = YES;
				IPHONEOS_DEPLOYMENT_TARGET = 11.2;
				MTL_ENABLE_DEBUG_INFO = NO;
				SDKROOT = iphoneos;
				SWIFT_OPTIMIZATION_LEVEL = "-Owholemodule";
				VALIDATE_PRODUCT = YES;
			};
			name = Release;
		};
		C4955F262051FDD7006AE1E3 /* Debug */ = {
			isa = XCBuildConfiguration;
			buildSettings = {
				ASSETCATALOG_COMPILER_APPICON_NAME = AppIcon;
				CODE_SIGN_STYLE = Automatic;
				DEVELOPMENT_TEAM = 67UFY23RB3;
				INFOPLIST_FILE = TrailTracker/Info.plist;
				LD_RUNPATH_SEARCH_PATHS = "$(inherited) @executable_path/Frameworks";
				PRODUCT_BUNDLE_IDENTIFIER = com.andy.TrailTracker;
				PRODUCT_NAME = "$(TARGET_NAME)";
				SWIFT_VERSION = 4.0;
				TARGETED_DEVICE_FAMILY = "1,2";
			};
			name = Debug;
		};
		C4955F272051FDD7006AE1E3 /* Release */ = {
			isa = XCBuildConfiguration;
			buildSettings = {
				ASSETCATALOG_COMPILER_APPICON_NAME = AppIcon;
				CODE_SIGN_STYLE = Automatic;
				DEVELOPMENT_TEAM = 67UFY23RB3;
				INFOPLIST_FILE = TrailTracker/Info.plist;
				LD_RUNPATH_SEARCH_PATHS = "$(inherited) @executable_path/Frameworks";
				PRODUCT_BUNDLE_IDENTIFIER = com.andy.TrailTracker;
				PRODUCT_NAME = "$(TARGET_NAME)";
				SWIFT_VERSION = 4.0;
				TARGETED_DEVICE_FAMILY = "1,2";
			};
			name = Release;
		};
/* End XCBuildConfiguration section */

/* Begin XCConfigurationList section */
		C4955F0E2051FDD7006AE1E3 /* Build configuration list for PBXProject "TrailTracker" */ = {
			isa = XCConfigurationList;
			buildConfigurations = (
				C4955F232051FDD7006AE1E3 /* Debug */,
				C4955F242051FDD7006AE1E3 /* Release */,
			);
			defaultConfigurationIsVisible = 0;
			defaultConfigurationName = Release;
		};
		C4955F252051FDD7006AE1E3 /* Build configuration list for PBXNativeTarget "TrailTracker" */ = {
			isa = XCConfigurationList;
			buildConfigurations = (
				C4955F262051FDD7006AE1E3 /* Debug */,
				C4955F272051FDD7006AE1E3 /* Release */,
			);
			defaultConfigurationIsVisible = 0;
			defaultConfigurationName = Release;
		};
/* End XCConfigurationList section */
	};
	rootObject = C4955F0B2051FDD7006AE1E3 /* Project object */;
}
